
Microsoft Visual Studio Solution File, Format Version 12.00
# Visual Studio 15
VisualStudioVersion = 15.0.28307.271
MinimumVisualStudioVersion = 10.0.40219.1
Project("{FAE04EC0-301F-11D3-BF4B-00C04F79EFBC}") = "Downloader", "Downloader\Downloader.csproj", "{B69B3C4A-2D38-4885-893C-89B6C91A2FF8}"
EndProject
Project("{FAE04EC0-301F-11D3-BF4B-00C04F79EFBC}") = "DonwloaderLogics", "DonwloaderLogics\DonwloaderLogics.csproj", "{A29B4B90-5956-4B0C-8FE9-A1DCF73E12CF}"
EndProject
Global
	GlobalSection(SolutionConfigurationPlatforms) = preSolution
		Debug|Any CPU = Debug|Any CPU
		Release|Any CPU = Release|Any CPU
	EndGlobalSection
	GlobalSection(ProjectConfigurationPlatforms) = postSolution
		{B69B3C4A-2D38-4885-893C-89B6C91A2FF8}.Debug|Any CPU.ActiveCfg = Debug|Any CPU
		{B69B3C4A-2D38-4885-893C-89B6C91A2FF8}.Debug|Any CPU.Build.0 = Debug|Any CPU
		{B69B3C4A-2D38-4885-893C-89B6C91A2FF8}.Release|Any CPU.ActiveCfg = Release|Any CPU
		{B69B3C4A-2D38-4885-893C-89B6C91A2FF8}.Release|Any CPU.Build.0 = Release|Any CPU
		{A29B4B90-5956-4B0C-8FE9-A1DCF73E12CF}.Debug|Any CPU.ActiveCfg = Debug|Any CPU
		{A29B4B90-5956-4B0C-8FE9-A1DCF73E12CF}.Debug|Any CPU.Build.0 = Debug|Any CPU
		{A29B4B90-5956-4B0C-8FE9-A1DCF73E12CF}.Release|Any CPU.ActiveCfg = Release|Any CPU
		{A29B4B90-5956-4B0C-8FE9-A1DCF73E12CF}.Release|Any CPU.Build.0 = Release|Any CPU
	EndGlobalSection
	GlobalSection(SolutionProperties) = preSolution
		HideSolutionNode = FALSE
	EndGlobalSection
	GlobalSection(ExtensibilityGlobals) = postSolution
		SolutionGuid = {02A80904-7881-499D-86E0-7EB2DDF3314A}
	EndGlobalSection
EndGlobal
